
Microsoft Visual Studio Solution File, Format Version 12.00
# Visual Studio Version 16
VisualStudioVersion = 16.0.28803.452
MinimumVisualStudioVersion = 10.0.40219.1
Project("{FAE04EC0-301F-11D3-BF4B-00C04F79EFBC}") = "QueryTask", "QueryTask\QueryTask.csproj", "{A36C9134-B6B3-4D86-BC4E-31152ACBEC91}"
EndProject
Project("{FAE04EC0-301F-11D3-BF4B-00C04F79EFBC}") = "BinarySearchTreeTask", "BinarySearchTreeTask\BinarySearchTreeTask.csproj", "{7E26941F-2BFA-4081-98B3-735FEB3A484D}"
EndProject
Global
	GlobalSection(SolutionConfigurationPlatforms) = preSolution
		Debug|Any CPU = Debug|Any CPU
		Release|Any CPU = Release|Any CPU
	EndGlobalSection
	GlobalSection(ProjectConfigurationPlatforms) = postSolution
		{A36C9134-B6B3-4D86-BC4E-31152ACBEC91}.Debug|Any CPU.ActiveCfg = Debug|Any CPU
		{A36C9134-B6B3-4D86-BC4E-31152ACBEC91}.Debug|Any CPU.Build.0 = Debug|Any CPU
		{A36C9134-B6B3-4D86-BC4E-31152ACBEC91}.Release|Any CPU.ActiveCfg = Release|Any CPU
		{A36C9134-B6B3-4D86-BC4E-31152ACBEC91}.Release|Any CPU.Build.0 = Release|Any CPU
		{7E26941F-2BFA-4081-98B3-735FEB3A484D}.Debug|Any CPU.ActiveCfg = Debug|Any CPU
		{7E26941F-2BFA-4081-98B3-735FEB3A484D}.Debug|Any CPU.Build.0 = Debug|Any CPU
		{7E26941F-2BFA-4081-98B3-735FEB3A484D}.Release|Any CPU.ActiveCfg = Release|Any CPU
		{7E26941F-2BFA-4081-98B3-735FEB3A484D}.Release|Any CPU.Build.0 = Release|Any CPU
	EndGlobalSection
	GlobalSection(SolutionProperties) = preSolution
		HideSolutionNode = FALSE
	EndGlobalSection
	GlobalSection(ExtensibilityGlobals) = postSolution
		SolutionGuid = {82FC5B54-D50A-4056-8F4A-03056FEC3801}
	EndGlobalSection
EndGlobal
